
Microsoft Visual Studio Solution File, Format Version 12.00
# Visual Studio 15
VisualStudioVersion = 15.0.26124.0
MinimumVisualStudioVersion = 15.0.26124.0
Project("{FAE04EC0-301F-11D3-BF4B-00C04F79EFBC}") = "triaxis.ServiceBase", "triaxis.ServiceBase\triaxis.ServiceBase.csproj", "{23777EA7-1495-466B-ABCD-77B77E68E94C}"
EndProject
Project("{FAE04EC0-301F-11D3-BF4B-00C04F79EFBC}") = "triaxis.ServiceBase.Tests", "triaxis.ServiceBase.Tests\triaxis.ServiceBase.Tests.csproj", "{ADD9E4BB-3E71-4F9D-B016-CC51A01B0F3A}"
EndProject
Global
	GlobalSection(SolutionConfigurationPlatforms) = preSolution
		Debug|Any CPU = Debug|Any CPU
		Debug|x64 = Debug|x64
		Debug|x86 = Debug|x86
		Release|Any CPU = Release|Any CPU
		Release|x64 = Release|x64
		Release|x86 = Release|x86
	EndGlobalSection
	GlobalSection(SolutionProperties) = preSolution
		HideSolutionNode = FALSE
	EndGlobalSection
	GlobalSection(ProjectConfigurationPlatforms) = postSolution
		{23777EA7-1495-466B-ABCD-77B77E68E94C}.Debug|Any CPU.ActiveCfg = Debug|Any CPU
		{23777EA7-1495-466B-ABCD-77B77E68E94C}.Debug|Any CPU.Build.0 = Debug|Any CPU
		{23777EA7-1495-466B-ABCD-77B77E68E94C}.Debug|x64.ActiveCfg = Debug|Any CPU
		{23777EA7-1495-466B-ABCD-77B77E68E94C}.Debug|x64.Build.0 = Debug|Any CPU
		{23777EA7-1495-466B-ABCD-77B77E68E94C}.Debug|x86.ActiveCfg = Debug|Any CPU
		{23777EA7-1495-466B-ABCD-77B77E68E94C}.Debug|x86.Build.0 = Debug|Any CPU
		{23777EA7-1495-466B-ABCD-77B77E68E94C}.Release|Any CPU.ActiveCfg = Release|Any CPU
		{23777EA7-1495-466B-ABCD-77B77E68E94C}.Release|Any CPU.Build.0 = Release|Any CPU
		{23777EA7-1495-466B-ABCD-77B77E68E94C}.Release|x64.ActiveCfg = Release|Any CPU
		{23777EA7-1495-466B-ABCD-77B77E68E94C}.Release|x64.Build.0 = Release|Any CPU
		{23777EA7-1495-466B-ABCD-77B77E68E94C}.Release|x86.ActiveCfg = Release|Any CPU
		{23777EA7-1495-466B-ABCD-77B77E68E94C}.Release|x86.Build.0 = Release|Any CPU
		{ADD9E4BB-3E71-4F9D-B016-CC51A01B0F3A}.Debug|Any CPU.ActiveCfg = Debug|Any CPU
		{ADD9E4BB-3E71-4F9D-B016-CC51A01B0F3A}.Debug|Any CPU.Build.0 = Debug|Any CPU
		{ADD9E4BB-3E71-4F9D-B016-CC51A01B0F3A}.Debug|x64.ActiveCfg = Debug|Any CPU
		{ADD9E4BB-3E71-4F9D-B016-CC51A01B0F3A}.Debug|x64.Build.0 = Debug|Any CPU
		{ADD9E4BB-3E71-4F9D-B016-CC51A01B0F3A}.Debug|x86.ActiveCfg = Debug|Any CPU
		{ADD9E4BB-3E71-4F9D-B016-CC51A01B0F3A}.Debug|x86.Build.0 = Debug|Any CPU
		{ADD9E4BB-3E71-4F9D-B016-CC51A01B0F3A}.Release|Any CPU.ActiveCfg = Release|Any CPU
		{ADD9E4BB-3E71-4F9D-B016-CC51A01B0F3A}.Release|Any CPU.Build.0 = Release|Any CPU
		{ADD9E4BB-3E71-4F9D-B016-CC51A01B0F3A}.Release|x64.ActiveCfg = Release|Any CPU
		{ADD9E4BB-3E71-4F9D-B016-CC51A01B0F3A}.Release|x64.Build.0 = Release|Any CPU
		{ADD9E4BB-3E71-4F9D-B016-CC51A01B0F3A}.Release|x86.ActiveCfg = Release|Any CPU
		{ADD9E4BB-3E71-4F9D-B016-CC51A01B0F3A}.Release|x86.Build.0 = Release|Any CPU
	EndGlobalSection
EndGlobal
